
Microsoft Visual Studio Solution File, Format Version 12.00
# Visual Studio Version 16
VisualStudioVersion = 16.0.31424.327
MinimumVisualStudioVersion = 10.0.40219.1
Project("{FAE04EC0-301F-11D3-BF4B-00C04F79EFBC}") = "HW11.Task2", "HW11.Task2\HW11.Task2.csproj", "{AE07A84D-C1A4-4B17-AECA-153AEB696782}"
Project("{FAE04EC0-301F-11D3-BF4B-00C04F79EFBC}") = "HW11_01", "hw_11\HW11_01\HW11_01.csproj", "{AA3130A3-D79B-44E4-A17C-5CC591F144D7}"
EndProject
Global
	GlobalSection(SolutionConfigurationPlatforms) = preSolution
		Debug|Any CPU = Debug|Any CPU
		Release|Any CPU = Release|Any CPU
	EndGlobalSection
	GlobalSection(ProjectConfigurationPlatforms) = postSolution
		{AE07A84D-C1A4-4B17-AECA-153AEB696782}.Debug|Any CPU.ActiveCfg = Debug|Any CPU
		{AE07A84D-C1A4-4B17-AECA-153AEB696782}.Debug|Any CPU.Build.0 = Debug|Any CPU
		{AE07A84D-C1A4-4B17-AECA-153AEB696782}.Release|Any CPU.ActiveCfg = Release|Any CPU
		{AE07A84D-C1A4-4B17-AECA-153AEB696782}.Release|Any CPU.Build.0 = Release|Any CPU
		{AA3130A3-D79B-44E4-A17C-5CC591F144D7}.Debug|Any CPU.ActiveCfg = Debug|Any CPU
		{AA3130A3-D79B-44E4-A17C-5CC591F144D7}.Debug|Any CPU.Build.0 = Debug|Any CPU
		{AA3130A3-D79B-44E4-A17C-5CC591F144D7}.Release|Any CPU.ActiveCfg = Release|Any CPU
		{AA3130A3-D79B-44E4-A17C-5CC591F144D7}.Release|Any CPU.Build.0 = Release|Any CPU
	EndGlobalSection
	GlobalSection(SolutionProperties) = preSolution
		HideSolutionNode = FALSE
	EndGlobalSection
	GlobalSection(ExtensibilityGlobals) = postSolution
		SolutionGuid = {6EB73C18-9D82-4E17-B9E9-D696E1C0224B}
	EndGlobalSection
EndGlobal
